
Microsoft Visual Studio Solution File, Format Version 12.00
# Visual Studio Version 17
VisualStudioVersion = 17.4.33213.308
MinimumVisualStudioVersion = 10.0.40219.1
Project("{9A19103F-16F7-4668-BE54-9A1E7A4F7556}") = "COMP003B.AssignmentFinal", "COMP003B.AssignmentFinal\COMP003B.AssignmentFinal.csproj", "{02F240F3-9097-4FDC-A87C-99F4E1F98902}"
EndProject
Project("{9A19103F-16F7-4668-BE54-9A1E7A4F7556}") = "COMP003B.AssignmentFinalAPI", "..\..\COMP003B.AssignmentFinalAPI\COMP003B.AssignmentFinalAPI\COMP003B.AssignmentFinalAPI.csproj", "{A046F177-8D3C-4B43-A4BF-D44BB3B8B325}"
EndProject
Global
	GlobalSection(SolutionConfigurationPlatforms) = preSolution
		Debug|Any CPU = Debug|Any CPU
		Release|Any CPU = Release|Any CPU
	EndGlobalSection
	GlobalSection(ProjectConfigurationPlatforms) = postSolution
		{02F240F3-9097-4FDC-A87C-99F4E1F98902}.Debug|Any CPU.ActiveCfg = Debug|Any CPU
		{02F240F3-9097-4FDC-A87C-99F4E1F98902}.Debug|Any CPU.Build.0 = Debug|Any CPU
		{02F240F3-9097-4FDC-A87C-99F4E1F98902}.Release|Any CPU.ActiveCfg = Release|Any CPU
		{02F240F3-9097-4FDC-A87C-99F4E1F98902}.Release|Any CPU.Build.0 = Release|Any CPU
		{A046F177-8D3C-4B43-A4BF-D44BB3B8B325}.Debug|Any CPU.ActiveCfg = Debug|Any CPU
		{A046F177-8D3C-4B43-A4BF-D44BB3B8B325}.Debug|Any CPU.Build.0 = Debug|Any CPU
		{A046F177-8D3C-4B43-A4BF-D44BB3B8B325}.Release|Any CPU.ActiveCfg = Release|Any CPU
		{A046F177-8D3C-4B43-A4BF-D44BB3B8B325}.Release|Any CPU.Build.0 = Release|Any CPU
	EndGlobalSection
	GlobalSection(SolutionProperties) = preSolution
		HideSolutionNode = FALSE
	EndGlobalSection
	GlobalSection(ExtensibilityGlobals) = postSolution
		SolutionGuid = {2A43A917-0D5A-483A-BFB1-DBBF1267CCE8}
	EndGlobalSection
EndGlobal
